
Microsoft Visual Studio Solution File, Format Version 12.00
Project("{2150E333-8FDC-42A3-9474-1A3956D46DE8}") = "Core", "Core", "{CC0A6039-2686-451A-904F-03F3C65117FE}"
EndProject
Project("{FAE04EC0-301F-11D3-BF4B-00C04F79EFBC}") = "Arachne.Abstractions", "src\Core\Arachne.Abstractions\Arachne.Abstractions.csproj", "{873BE23D-F4FD-4053-87F4-95F4C20EA85D}"
EndProject
Project("{FAE04EC0-301F-11D3-BF4B-00C04F79EFBC}") = "Fetcher", "src\Fetcher\Fetcher.csproj", "{27032ED5-058F-449E-ADB7-9F8E5618D2AB}"
EndProject
Project("{FAE04EC0-301F-11D3-BF4B-00C04F79EFBC}") = "Crawler", "src\Crawler\Crawler.csproj", "{4F1E3BC3-6A58-499F-898D-2F7449C81CB2}"
EndProject
Project("{FAE04EC0-301F-11D3-BF4B-00C04F79EFBC}") = "SendBox", "src\SendBox\SendBox.csproj", "{018B3E7E-BAC9-4D1B-A28B-36D3FD3B89BF}"
EndProject
Project("{FAE04EC0-301F-11D3-BF4B-00C04F79EFBC}") = "Arachne.Contracts", "src\Core\Arachne.Contracts\Arachne.Contracts.csproj", "{545AA385-4B60-460C-8125-CE6468FA3ED5}"
EndProject
Project("{2150E333-8FDC-42A3-9474-1A3956D46DE8}") = "Messaging", "Messaging", "{1EFD6150-AFA7-4A09-9593-B0F88D61C0F5}"
EndProject
Project("{FAE04EC0-301F-11D3-BF4B-00C04F79EFBC}") = "Messaging.InMemory", "src\Messaging\Messaging.InMemory\Messaging.InMemory.csproj", "{51A21197-2AE7-4D66-A72B-219D750D719D}"
EndProject
Project("{FAE04EC0-301F-11D3-BF4B-00C04F79EFBC}") = "Processor", "src\Processor\Processor.csproj", "{04E5CEA5-AE8A-4A7F-8599-43BFC9B979CD}"
EndProject
Project("{2150E333-8FDC-42A3-9474-1A3956D46DE8}") = "App", "App", "{60277785-1A5D-42EB-B54F-8B486E58A35C}"
EndProject
Project("{FAE04EC0-301F-11D3-BF4B-00C04F79EFBC}") = "Arachne.Processor.App", "src\App\Arachne.Processor.App\Arachne.Processor.App.csproj", "{7CD3AD52-F56A-4A20-AAD2-A35055E655CE}"
EndProject
Project("{FAE04EC0-301F-11D3-BF4B-00C04F79EFBC}") = "Arachne.Crawler.App", "src\App\Arachne.Crawler.App\Arachne.Crawler.App.csproj", "{32B0033B-9171-4693-BDA5-AE5A5D9937D3}"
EndProject
Project("{FAE04EC0-301F-11D3-BF4B-00C04F79EFBC}") = "Arachne.Dual.App", "src\App\Arachne.Dual.App\Arachne.Dual.App.csproj", "{83185755-6DD1-4469-B6A6-7E8371266025}"
EndProject
Project("{FAE04EC0-301F-11D3-BF4B-00C04F79EFBC}") = "Arachne.App.Base", "src\App\Arachne.App.Base\Arachne.App.Base.csproj", "{ACABB469-2711-4462-8631-C8E96A090548}"
EndProject
Project("{FAE04EC0-301F-11D3-BF4B-00C04F79EFBC}") = "Arachne.Extensions", "src\Core\Arachne.Extensions\Arachne.Extensions.csproj", "{99F26633-CF89-4CE2-9560-550646BA9827}"
EndProject
Project("{FAE04EC0-301F-11D3-BF4B-00C04F79EFBC}") = "ForTests", "src\ForTests\ForTests.csproj", "{C387982D-3FA6-4E83-A828-A8E38B9A7813}"
EndProject
Global
	GlobalSection(SolutionConfigurationPlatforms) = preSolution
		Debug|Any CPU = Debug|Any CPU
		Release|Any CPU = Release|Any CPU
	EndGlobalSection
	GlobalSection(ProjectConfigurationPlatforms) = postSolution
		{873BE23D-F4FD-4053-87F4-95F4C20EA85D}.Debug|Any CPU.ActiveCfg = Debug|Any CPU
		{873BE23D-F4FD-4053-87F4-95F4C20EA85D}.Debug|Any CPU.Build.0 = Debug|Any CPU
		{873BE23D-F4FD-4053-87F4-95F4C20EA85D}.Release|Any CPU.ActiveCfg = Release|Any CPU
		{873BE23D-F4FD-4053-87F4-95F4C20EA85D}.Release|Any CPU.Build.0 = Release|Any CPU
		{27032ED5-058F-449E-ADB7-9F8E5618D2AB}.Debug|Any CPU.ActiveCfg = Debug|Any CPU
		{27032ED5-058F-449E-ADB7-9F8E5618D2AB}.Debug|Any CPU.Build.0 = Debug|Any CPU
		{27032ED5-058F-449E-ADB7-9F8E5618D2AB}.Release|Any CPU.ActiveCfg = Release|Any CPU
		{27032ED5-058F-449E-ADB7-9F8E5618D2AB}.Release|Any CPU.Build.0 = Release|Any CPU
		{4F1E3BC3-6A58-499F-898D-2F7449C81CB2}.Debug|Any CPU.ActiveCfg = Debug|Any CPU
		{4F1E3BC3-6A58-499F-898D-2F7449C81CB2}.Debug|Any CPU.Build.0 = Debug|Any CPU
		{4F1E3BC3-6A58-499F-898D-2F7449C81CB2}.Release|Any CPU.ActiveCfg = Release|Any CPU
		{4F1E3BC3-6A58-499F-898D-2F7449C81CB2}.Release|Any CPU.Build.0 = Release|Any CPU
		{018B3E7E-BAC9-4D1B-A28B-36D3FD3B89BF}.Debug|Any CPU.ActiveCfg = Debug|Any CPU
		{018B3E7E-BAC9-4D1B-A28B-36D3FD3B89BF}.Debug|Any CPU.Build.0 = Debug|Any CPU
		{018B3E7E-BAC9-4D1B-A28B-36D3FD3B89BF}.Release|Any CPU.ActiveCfg = Release|Any CPU
		{018B3E7E-BAC9-4D1B-A28B-36D3FD3B89BF}.Release|Any CPU.Build.0 = Release|Any CPU
		{545AA385-4B60-460C-8125-CE6468FA3ED5}.Debug|Any CPU.ActiveCfg = Debug|Any CPU
		{545AA385-4B60-460C-8125-CE6468FA3ED5}.Debug|Any CPU.Build.0 = Debug|Any CPU
		{545AA385-4B60-460C-8125-CE6468FA3ED5}.Release|Any CPU.ActiveCfg = Release|Any CPU
		{545AA385-4B60-460C-8125-CE6468FA3ED5}.Release|Any CPU.Build.0 = Release|Any CPU
		{51A21197-2AE7-4D66-A72B-219D750D719D}.Debug|Any CPU.ActiveCfg = Debug|Any CPU
		{51A21197-2AE7-4D66-A72B-219D750D719D}.Debug|Any CPU.Build.0 = Debug|Any CPU
		{51A21197-2AE7-4D66-A72B-219D750D719D}.Release|Any CPU.ActiveCfg = Release|Any CPU
		{51A21197-2AE7-4D66-A72B-219D750D719D}.Release|Any CPU.Build.0 = Release|Any CPU
		{04E5CEA5-AE8A-4A7F-8599-43BFC9B979CD}.Debug|Any CPU.ActiveCfg = Debug|Any CPU
		{04E5CEA5-AE8A-4A7F-8599-43BFC9B979CD}.Debug|Any CPU.Build.0 = Debug|Any CPU
		{04E5CEA5-AE8A-4A7F-8599-43BFC9B979CD}.Release|Any CPU.ActiveCfg = Release|Any CPU
		{04E5CEA5-AE8A-4A7F-8599-43BFC9B979CD}.Release|Any CPU.Build.0 = Release|Any CPU
		{7CD3AD52-F56A-4A20-AAD2-A35055E655CE}.Debug|Any CPU.ActiveCfg = Debug|Any CPU
		{7CD3AD52-F56A-4A20-AAD2-A35055E655CE}.Debug|Any CPU.Build.0 = Debug|Any CPU
		{7CD3AD52-F56A-4A20-AAD2-A35055E655CE}.Release|Any CPU.ActiveCfg = Release|Any CPU
		{7CD3AD52-F56A-4A20-AAD2-A35055E655CE}.Release|Any CPU.Build.0 = Release|Any CPU
		{32B0033B-9171-4693-BDA5-AE5A5D9937D3}.Debug|Any CPU.ActiveCfg = Debug|Any CPU
		{32B0033B-9171-4693-BDA5-AE5A5D9937D3}.Debug|Any CPU.Build.0 = Debug|Any CPU
		{32B0033B-9171-4693-BDA5-AE5A5D9937D3}.Release|Any CPU.ActiveCfg = Release|Any CPU
		{32B0033B-9171-4693-BDA5-AE5A5D9937D3}.Release|Any CPU.Build.0 = Release|Any CPU
		{83185755-6DD1-4469-B6A6-7E8371266025}.Debug|Any CPU.ActiveCfg = Debug|Any CPU
		{83185755-6DD1-4469-B6A6-7E8371266025}.Debug|Any CPU.Build.0 = Debug|Any CPU
		{83185755-6DD1-4469-B6A6-7E8371266025}.Release|Any CPU.ActiveCfg = Release|Any CPU
		{83185755-6DD1-4469-B6A6-7E8371266025}.Release|Any CPU.Build.0 = Release|Any CPU
		{ACABB469-2711-4462-8631-C8E96A090548}.Debug|Any CPU.ActiveCfg = Debug|Any CPU
		{ACABB469-2711-4462-8631-C8E96A090548}.Debug|Any CPU.Build.0 = Debug|Any CPU
		{ACABB469-2711-4462-8631-C8E96A090548}.Release|Any CPU.ActiveCfg = Release|Any CPU
		{ACABB469-2711-4462-8631-C8E96A090548}.Release|Any CPU.Build.0 = Release|Any CPU
		{99F26633-CF89-4CE2-9560-550646BA9827}.Debug|Any CPU.ActiveCfg = Debug|Any CPU
		{99F26633-CF89-4CE2-9560-550646BA9827}.Debug|Any CPU.Build.0 = Debug|Any CPU
		{99F26633-CF89-4CE2-9560-550646BA9827}.Release|Any CPU.ActiveCfg = Release|Any CPU
		{99F26633-CF89-4CE2-9560-550646BA9827}.Release|Any CPU.Build.0 = Release|Any CPU
		{C387982D-3FA6-4E83-A828-A8E38B9A7813}.Debug|Any CPU.ActiveCfg = Debug|Any CPU
		{C387982D-3FA6-4E83-A828-A8E38B9A7813}.Debug|Any CPU.Build.0 = Debug|Any CPU
		{C387982D-3FA6-4E83-A828-A8E38B9A7813}.Release|Any CPU.ActiveCfg = Release|Any CPU
		{C387982D-3FA6-4E83-A828-A8E38B9A7813}.Release|Any CPU.Build.0 = Release|Any CPU
	EndGlobalSection
	GlobalSection(NestedProjects) = preSolution
		{873BE23D-F4FD-4053-87F4-95F4C20EA85D} = {CC0A6039-2686-451A-904F-03F3C65117FE}
		{545AA385-4B60-460C-8125-CE6468FA3ED5} = {CC0A6039-2686-451A-904F-03F3C65117FE}
		{51A21197-2AE7-4D66-A72B-219D750D719D} = {1EFD6150-AFA7-4A09-9593-B0F88D61C0F5}
		{7CD3AD52-F56A-4A20-AAD2-A35055E655CE} = {60277785-1A5D-42EB-B54F-8B486E58A35C}
		{32B0033B-9171-4693-BDA5-AE5A5D9937D3} = {60277785-1A5D-42EB-B54F-8B486E58A35C}
		{83185755-6DD1-4469-B6A6-7E8371266025} = {60277785-1A5D-42EB-B54F-8B486E58A35C}
		{ACABB469-2711-4462-8631-C8E96A090548} = {60277785-1A5D-42EB-B54F-8B486E58A35C}
		{99F26633-CF89-4CE2-9560-550646BA9827} = {CC0A6039-2686-451A-904F-03F3C65117FE}
	EndGlobalSection
EndGlobal
